
Microsoft Visual Studio Solution File, Format Version 12.00
# Visual Studio 14
VisualStudioVersion = 14.0.25420.1
MinimumVisualStudioVersion = 10.0.40219.1
Project("{2150E333-8FDC-42A3-9474-1A3956D46DE8}") = "PublishScripts", "PublishScripts", "{C847BE7D-A0F0-467A-ACE4-5BA75B9DE683}"
	ProjectSection(SolutionItems) = preProject
		PublishScripts\AzureWebsitePublishModule.psm1 = PublishScripts\AzureWebsitePublishModule.psm1
		PublishScripts\Publish-WebApplicationWebsite.ps1 = PublishScripts\Publish-WebApplicationWebsite.ps1
	EndProjectSection
EndProject
Project("{2150E333-8FDC-42A3-9474-1A3956D46DE8}") = "Configurations", "Configurations", "{C7CF64CD-6492-4282-AA56-8B56C4D1B1F2}"
	ProjectSection(SolutionItems) = preProject
		PublishScripts\Configurations\AwpbsApi-WAWS-dev.json = PublishScripts\Configurations\AwpbsApi-WAWS-dev.json
		PublishScripts\Configurations\AwpbsWebApp-WAWS-dev.json = PublishScripts\Configurations\AwpbsWebApp-WAWS-dev.json
	EndProjectSection
EndProject
Project("{D954291E-2A0B-460D-934E-DC6B0785DB48}") = "Awpbs.Mobile", "Awpbs.Mobile\Awpbs.Mobile\Awpbs.Mobile.shproj", "{5E476682-905A-492E-B6C1-127B0CD28A72}"
EndProject
Project("{D954291E-2A0B-460D-934E-DC6B0785DB48}") = "Awpbs.Common2", "Awpbs.Common2\Awpbs.Common2.shproj", "{325EC0A0-06CB-4E8F-86B3-AC44B625FFB6}"
EndProject
Project("{FAE04EC0-301F-11D3-BF4B-00C04F79EFBC}") = "Awpbs.Mobile.Droid", "Awpbs.Mobile\Awpbs.Mobile.Droid\Awpbs.Mobile.Droid.csproj", "{A28EF21B-6C08-489A-AB27-2651670FAC93}"
EndProject
Global
	GlobalSection(SharedMSBuildProjectFiles) = preSolution
		Awpbs.Common2\Awpbs.Common2.projitems*{325ec0a0-06cb-4e8f-86b3-ac44b625ffb6}*SharedItemsImports = 13
		Awpbs.Mobile\Awpbs.Mobile\Awpbs.Mobile.projitems*{5e476682-905a-492e-b6c1-127b0cd28a72}*SharedItemsImports = 13
		Awpbs.Common2\Awpbs.Common2.projitems*{a28ef21b-6c08-489a-ab27-2651670fac93}*SharedItemsImports = 4
		Awpbs.Mobile\Awpbs.Mobile\Awpbs.Mobile.projitems*{a28ef21b-6c08-489a-ab27-2651670fac93}*SharedItemsImports = 4
	EndGlobalSection
	GlobalSection(SolutionConfigurationPlatforms) = preSolution
		Ad-Hoc|Any CPU = Ad-Hoc|Any CPU
		Ad-Hoc|iPhone = Ad-Hoc|iPhone
		Ad-Hoc|iPhoneSimulator = Ad-Hoc|iPhoneSimulator
		Ad-Hoc|Mixed Platforms = Ad-Hoc|Mixed Platforms
		AppStore|Any CPU = AppStore|Any CPU
		AppStore|iPhone = AppStore|iPhone
		AppStore|iPhoneSimulator = AppStore|iPhoneSimulator
		AppStore|Mixed Platforms = AppStore|Mixed Platforms
		Debug|Any CPU = Debug|Any CPU
		Debug|iPhone = Debug|iPhone
		Debug|iPhoneSimulator = Debug|iPhoneSimulator
		Debug|Mixed Platforms = Debug|Mixed Platforms
		Release|Any CPU = Release|Any CPU
		Release|iPhone = Release|iPhone
		Release|iPhoneSimulator = Release|iPhoneSimulator
		Release|Mixed Platforms = Release|Mixed Platforms
	EndGlobalSection
	GlobalSection(ProjectConfigurationPlatforms) = postSolution
		{A28EF21B-6C08-489A-AB27-2651670FAC93}.Ad-Hoc|Any CPU.ActiveCfg = Release|Any CPU
		{A28EF21B-6C08-489A-AB27-2651670FAC93}.Ad-Hoc|Any CPU.Build.0 = Release|Any CPU
		{A28EF21B-6C08-489A-AB27-2651670FAC93}.Ad-Hoc|iPhone.ActiveCfg = Release|Any CPU
		{A28EF21B-6C08-489A-AB27-2651670FAC93}.Ad-Hoc|iPhone.Build.0 = Release|Any CPU
		{A28EF21B-6C08-489A-AB27-2651670FAC93}.Ad-Hoc|iPhoneSimulator.ActiveCfg = Release|Any CPU
		{A28EF21B-6C08-489A-AB27-2651670FAC93}.Ad-Hoc|iPhoneSimulator.Build.0 = Release|Any CPU
		{A28EF21B-6C08-489A-AB27-2651670FAC93}.Ad-Hoc|Mixed Platforms.ActiveCfg = Release|Any CPU
		{A28EF21B-6C08-489A-AB27-2651670FAC93}.Ad-Hoc|Mixed Platforms.Build.0 = Release|Any CPU
		{A28EF21B-6C08-489A-AB27-2651670FAC93}.AppStore|Any CPU.ActiveCfg = Release|Any CPU
		{A28EF21B-6C08-489A-AB27-2651670FAC93}.AppStore|Any CPU.Build.0 = Release|Any CPU
		{A28EF21B-6C08-489A-AB27-2651670FAC93}.AppStore|iPhone.ActiveCfg = Release|Any CPU
		{A28EF21B-6C08-489A-AB27-2651670FAC93}.AppStore|iPhone.Build.0 = Release|Any CPU
		{A28EF21B-6C08-489A-AB27-2651670FAC93}.AppStore|iPhoneSimulator.ActiveCfg = Release|Any CPU
		{A28EF21B-6C08-489A-AB27-2651670FAC93}.AppStore|iPhoneSimulator.Build.0 = Release|Any CPU
		{A28EF21B-6C08-489A-AB27-2651670FAC93}.AppStore|Mixed Platforms.ActiveCfg = Release|Any CPU
		{A28EF21B-6C08-489A-AB27-2651670FAC93}.AppStore|Mixed Platforms.Build.0 = Release|Any CPU
		{A28EF21B-6C08-489A-AB27-2651670FAC93}.Debug|Any CPU.ActiveCfg = Debug|Any CPU
		{A28EF21B-6C08-489A-AB27-2651670FAC93}.Debug|Any CPU.Build.0 = Debug|Any CPU
		{A28EF21B-6C08-489A-AB27-2651670FAC93}.Debug|Any CPU.Deploy.0 = Debug|Any CPU
		{A28EF21B-6C08-489A-AB27-2651670FAC93}.Debug|iPhone.ActiveCfg = Debug|Any CPU
		{A28EF21B-6C08-489A-AB27-2651670FAC93}.Debug|iPhone.Build.0 = Debug|Any CPU
		{A28EF21B-6C08-489A-AB27-2651670FAC93}.Debug|iPhoneSimulator.ActiveCfg = Debug|Any CPU
		{A28EF21B-6C08-489A-AB27-2651670FAC93}.Debug|iPhoneSimulator.Build.0 = Debug|Any CPU
		{A28EF21B-6C08-489A-AB27-2651670FAC93}.Debug|Mixed Platforms.ActiveCfg = Debug|Any CPU
		{A28EF21B-6C08-489A-AB27-2651670FAC93}.Debug|Mixed Platforms.Build.0 = Debug|Any CPU
		{A28EF21B-6C08-489A-AB27-2651670FAC93}.Release|Any CPU.ActiveCfg = Release|Any CPU
		{A28EF21B-6C08-489A-AB27-2651670FAC93}.Release|Any CPU.Build.0 = Release|Any CPU
		{A28EF21B-6C08-489A-AB27-2651670FAC93}.Release|iPhone.ActiveCfg = Release|Any CPU
		{A28EF21B-6C08-489A-AB27-2651670FAC93}.Release|iPhone.Build.0 = Release|Any CPU
		{A28EF21B-6C08-489A-AB27-2651670FAC93}.Release|iPhoneSimulator.ActiveCfg = Release|Any CPU
		{A28EF21B-6C08-489A-AB27-2651670FAC93}.Release|iPhoneSimulator.Build.0 = Release|Any CPU
		{A28EF21B-6C08-489A-AB27-2651670FAC93}.Release|Mixed Platforms.ActiveCfg = Release|Any CPU
		{A28EF21B-6C08-489A-AB27-2651670FAC93}.Release|Mixed Platforms.Build.0 = Release|Any CPU
	EndGlobalSection
	GlobalSection(SolutionProperties) = preSolution
		HideSolutionNode = FALSE
	EndGlobalSection
	GlobalSection(NestedProjects) = preSolution
		{C7CF64CD-6492-4282-AA56-8B56C4D1B1F2} = {C847BE7D-A0F0-467A-ACE4-5BA75B9DE683}
	EndGlobalSection
EndGlobal
